
Microsoft Visual Studio Solution File, Format Version 12.00
# Visual Studio Version 17
VisualStudioVersion = 17.10.34928.147
MinimumVisualStudioVersion = 10.0.40219.1
Project("{8BC9CEB8-8B4A-11D0-8D11-00A0C91BC942}") = "Практика_2_2", "Практика_2_2\Практика_2_2.vcxproj", "{6DE07014-214E-4909-8CB1-004DB283DFF1}"
EndProject
Global
	GlobalSection(SolutionConfigurationPlatforms) = preSolution
		Debug|x64 = Debug|x64
		Debug|x86 = Debug|x86
		Release|x64 = Release|x64
		Release|x86 = Release|x86
	EndGlobalSection
	GlobalSection(ProjectConfigurationPlatforms) = postSolution
		{6DE07014-214E-4909-8CB1-004DB283DFF1}.Debug|x64.ActiveCfg = Debug|x64
		{6DE07014-214E-4909-8CB1-004DB283DFF1}.Debug|x64.Build.0 = Debug|x64
		{6DE07014-214E-4909-8CB1-004DB283DFF1}.Debug|x86.ActiveCfg = Debug|Win32
		{6DE07014-214E-4909-8CB1-004DB283DFF1}.Debug|x86.Build.0 = Debug|Win32
		{6DE07014-214E-4909-8CB1-004DB283DFF1}.Release|x64.ActiveCfg = Release|x64
		{6DE07014-214E-4909-8CB1-004DB283DFF1}.Release|x64.Build.0 = Release|x64
		{6DE07014-214E-4909-8CB1-004DB283DFF1}.Release|x86.ActiveCfg = Release|Win32
		{6DE07014-214E-4909-8CB1-004DB283DFF1}.Release|x86.Build.0 = Release|Win32
	EndGlobalSection
	GlobalSection(SolutionProperties) = preSolution
		HideSolutionNode = FALSE
	EndGlobalSection
	GlobalSection(ExtensibilityGlobals) = postSolution
		SolutionGuid = {EAB54E76-E62F-4CEE-95E7-FDC7EAEFB566}
	EndGlobalSection
EndGlobal
